// !$*UTF8*$!
{
	archiveVersion = 1;
	classes = {
	};
	objectVersion = 46;
	objects = {

/* Begin PBXBuildFile section */
		220D6BF5198F66FD00F5CB99 /* SystemConfiguration.framework in Frameworks */ = {isa = PBXBuildFile; fileRef = 220D6BF4198F66FD00F5CB99 /* SystemConfiguration.framework */; };
		2221FC14199264C100CAC58E /* CoreLocation.framework in Frameworks */ = {isa = PBXBuildFile; fileRef = 2221FC13199264C100CAC58E /* CoreLocation.framework */; };
		2223A33719938F0400E5AC48 /* NDLeaderboardEntry.m in Sources */ = {isa = PBXBuildFile; fileRef = 2223A33019938F0400E5AC48 /* NDLeaderboardEntry.m */; };
		2223A33819938F0400E5AC48 /* NDTrendingPlace.m in Sources */ = {isa = PBXBuildFile; fileRef = 2223A33219938F0400E5AC48 /* NDTrendingPlace.m */; };
		2223A33919938F0400E5AC48 /* NDUser.m in Sources */ = {isa = PBXBuildFile; fileRef = 2223A33419938F0400E5AC48 /* NDUser.m */; };
		2223A33A19938F0400E5AC48 /* NDVenueTips.m in Sources */ = {isa = PBXBuildFile; fileRef = 2223A33619938F0400E5AC48 /* NDVenueTips.m */; };
		2223A33D19938F3A00E5AC48 /* NDGeocoder.m in Sources */ = {isa = PBXBuildFile; fileRef = 2223A33C19938F3A00E5AC48 /* NDGeocoder.m */; };
		2223A34419938FCA00E5AC48 /* NDLeaderboardViewController.m in Sources */ = {isa = PBXBuildFile; fileRef = 2223A33F19938FCA00E5AC48 /* NDLeaderboardViewController.m */; };
		2223A34519938FCA00E5AC48 /* NDTipContentViewController.m in Sources */ = {isa = PBXBuildFile; fileRef = 2223A34119938FCA00E5AC48 /* NDTipContentViewController.m */; };
		2223A34619938FCA00E5AC48 /* NDTipsViewController.m in Sources */ = {isa = PBXBuildFile; fileRef = 2223A34319938FCA00E5AC48 /* NDTipsViewController.m */; };
		2223A34F1993902D00E5AC48 /* NDLeaderboardParser.m in Sources */ = {isa = PBXBuildFile; fileRef = 2223A3481993902D00E5AC48 /* NDLeaderboardParser.m */; };
		2223A3501993902D00E5AC48 /* NDTipsParser.m in Sources */ = {isa = PBXBuildFile; fileRef = 2223A34A1993902D00E5AC48 /* NDTipsParser.m */; };
		2223A3511993902D00E5AC48 /* NDTrendingPlacesParser.m in Sources */ = {isa = PBXBuildFile; fileRef = 2223A34C1993902D00E5AC48 /* NDTrendingPlacesParser.m */; };
		2223A3521993902D00E5AC48 /* NDUserInformationParser.m in Sources */ = {isa = PBXBuildFile; fileRef = 2223A34E1993902D00E5AC48 /* NDUserInformationParser.m */; };
		2223A3551993906400E5AC48 /* NDURLRequestFactory.m in Sources */ = {isa = PBXBuildFile; fileRef = 2223A3541993906400E5AC48 /* NDURLRequestFactory.m */; };
		2223A35E1993909700E5AC48 /* NDAPIService.m in Sources */ = {isa = PBXBuildFile; fileRef = 2223A3571993909700E5AC48 /* NDAPIService.m */; };
		2223A35F1993909700E5AC48 /* NDAuthenticationService.m in Sources */ = {isa = PBXBuildFile; fileRef = 2223A3591993909700E5AC48 /* NDAuthenticationService.m */; };
		2223A3601993909700E5AC48 /* NDLocationService.m in Sources */ = {isa = PBXBuildFile; fileRef = 2223A35B1993909700E5AC48 /* NDLocationService.m */; };
		2223A3611993909700E5AC48 /* NDNetworkStatusService.m in Sources */ = {isa = PBXBuildFile; fileRef = 2223A35D1993909700E5AC48 /* NDNetworkStatusService.m */; };
		2224921D198BE01700EC59BE /* Reachability.m in Sources */ = {isa = PBXBuildFile; fileRef = 2224921C198BE01700EC59BE /* Reachability.m */; };
		22FA0DC4198A565E00392806 /* Foundation.framework in Frameworks */ = {isa = PBXBuildFile; fileRef = 22FA0DC3198A565E00392806 /* Foundation.framework */; };
		22FA0DC6198A565E00392806 /* CoreGraphics.framework in Frameworks */ = {isa = PBXBuildFile; fileRef = 22FA0DC5198A565E00392806 /* CoreGraphics.framework */; };
		22FA0DC8198A565E00392806 /* UIKit.framework in Frameworks */ = {isa = PBXBuildFile; fileRef = 22FA0DC7198A565E00392806 /* UIKit.framework */; };
		22FA0DCE198A565E00392806 /* InfoPlist.strings in Resources */ = {isa = PBXBuildFile; fileRef = 22FA0DCC198A565E00392806 /* InfoPlist.strings */; };
		22FA0DD0198A565E00392806 /* main.m in Sources */ = {isa = PBXBuildFile; fileRef = 22FA0DCF198A565E00392806 /* main.m */; };
		22FA0DD4198A565E00392806 /* NDAppDelegate.m in Sources */ = {isa = PBXBuildFile; fileRef = 22FA0DD3198A565E00392806 /* NDAppDelegate.m */; };
		22FA0DD7198A565E00392806 /* Main.storyboard in Resources */ = {isa = PBXBuildFile; fileRef = 22FA0DD5198A565E00392806 /* Main.storyboard */; };
		22FA0DDC198A565E00392806 /* Images.xcassets in Resources */ = {isa = PBXBuildFile; fileRef = 22FA0DDB198A565E00392806 /* Images.xcassets */; };
		22FA0DE3198A565E00392806 /* XCTest.framework in Frameworks */ = {isa = PBXBuildFile; fileRef = 22FA0DE2198A565E00392806 /* XCTest.framework */; };
		22FA0DE4198A565E00392806 /* Foundation.framework in Frameworks */ = {isa = PBXBuildFile; fileRef = 22FA0DC3198A565E00392806 /* Foundation.framework */; };
		22FA0DE5198A565E00392806 /* UIKit.framework in Frameworks */ = {isa = PBXBuildFile; fileRef = 22FA0DC7198A565E00392806 /* UIKit.framework */; };
		22FA0DED198A565E00392806 /* InfoPlist.strings in Resources */ = {isa = PBXBuildFile; fileRef = 22FA0DEB198A565E00392806 /* InfoPlist.strings */; };
		22FA0DEF198A565E00392806 /* NDFoursquareTests.m in Sources */ = {isa = PBXBuildFile; fileRef = 22FA0DEE198A565E00392806 /* NDFoursquareTests.m */; };
		22FA0E28198A7AC600392806 /* FSOAuth.m in Sources */ = {isa = PBXBuildFile; fileRef = 22FA0E27198A7AC600392806 /* FSOAuth.m */; };
/* End PBXBuildFile section */

/* Begin PBXContainerItemProxy section */
		22FA0DE6198A565E00392806 /* PBXContainerItemProxy */ = {
			isa = PBXContainerItemProxy;
			containerPortal = 22FA0DB8198A565E00392806 /* Project object */;
			proxyType = 1;
			remoteGlobalIDString = 22FA0DBF198A565E00392806;
			remoteInfo = NDFoursquare;
		};
/* End PBXContainerItemProxy section */

/* Begin PBXFileReference section */
		220D6BF4198F66FD00F5CB99 /* SystemConfiguration.framework */ = {isa = PBXFileReference; lastKnownFileType = wrapper.framework; name = SystemConfiguration.framework; path = System/Library/Frameworks/SystemConfiguration.framework; sourceTree = SDKROOT; };
		2221FC13199264C100CAC58E /* CoreLocation.framework */ = {isa = PBXFileReference; lastKnownFileType = wrapper.framework; name = CoreLocation.framework; path = System/Library/Frameworks/CoreLocation.framework; sourceTree = SDKROOT; };
		2223A32F19938F0400E5AC48 /* NDLeaderboardEntry.h */ = {isa = PBXFileReference; fileEncoding = 4; lastKnownFileType = sourcecode.c.h; name = NDLeaderboardEntry.h; path = Models/NDLeaderboardEntry.h; sourceTree = "<group>"; };
		2223A33019938F0400E5AC48 /* NDLeaderboardEntry.m */ = {isa = PBXFileReference; fileEncoding = 4; lastKnownFileType = sourcecode.c.objc; name = NDLeaderboardEntry.m; path = Models/NDLeaderboardEntry.m; sourceTree = "<group>"; };
		2223A33119938F0400E5AC48 /* NDTrendingPlace.h */ = {isa = PBXFileReference; fileEncoding = 4; lastKnownFileType = sourcecode.c.h; name = NDTrendingPlace.h; path = Models/NDTrendingPlace.h; sourceTree = "<group>"; };
		2223A33219938F0400E5AC48 /* NDTrendingPlace.m */ = {isa = PBXFileReference; fileEncoding = 4; lastKnownFileType = sourcecode.c.objc; name = NDTrendingPlace.m; path = Models/NDTrendingPlace.m; sourceTree = "<group>"; };
		2223A33319938F0400E5AC48 /* NDUser.h */ = {isa = PBXFileReference; fileEncoding = 4; lastKnownFileType = sourcecode.c.h; name = NDUser.h; path = Models/NDUser.h; sourceTree = "<group>"; };
		2223A33419938F0400E5AC48 /* NDUser.m */ = {isa = PBXFileReference; fileEncoding = 4; lastKnownFileType = sourcecode.c.objc; name = NDUser.m; path = Models/NDUser.m; sourceTree = "<group>"; };
		2223A33519938F0400E5AC48 /* NDVenueTips.h */ = {isa = PBXFileReference; fileEncoding = 4; lastKnownFileType = sourcecode.c.h; name = NDVenueTips.h; path = Models/NDVenueTips.h; sourceTree = "<group>"; };
		2223A33619938F0400E5AC48 /* NDVenueTips.m */ = {isa = PBXFileReference; fileEncoding = 4; lastKnownFileType = sourcecode.c.objc; name = NDVenueTips.m; path = Models/NDVenueTips.m; sourceTree = "<group>"; };
		2223A33B19938F3A00E5AC48 /* NDGeocoder.h */ = {isa = PBXFileReference; fileEncoding = 4; lastKnownFileType = sourcecode.c.h; name = NDGeocoder.h; path = Geocoder/NDGeocoder.h; sourceTree = "<group>"; };
		2223A33C19938F3A00E5AC48 /* NDGeocoder.m */ = {isa = PBXFileReference; fileEncoding = 4; lastKnownFileType = sourcecode.c.objc; name = NDGeocoder.m; path = Geocoder/NDGeocoder.m; sourceTree = "<group>"; };
		2223A33E19938FCA00E5AC48 /* NDLeaderboardViewController.h */ = {isa = PBXFileReference; fileEncoding = 4; lastKnownFileType = sourcecode.c.h; name = NDLeaderboardViewController.h; path = ViewControllers/NDLeaderboardViewController.h; sourceTree = "<group>"; };
		2223A33F19938FCA00E5AC48 /* NDLeaderboardViewController.m */ = {isa = PBXFileReference; fileEncoding = 4; lastKnownFileType = sourcecode.c.objc; name = NDLeaderboardViewController.m; path = ViewControllers/NDLeaderboardViewController.m; sourceTree = "<group>"; };
		2223A34019938FCA00E5AC48 /* NDTipContentViewController.h */ = {isa = PBXFileReference; fileEncoding = 4; lastKnownFileType = sourcecode.c.h; name = NDTipContentViewController.h; path = ViewControllers/NDTipContentViewController.h; sourceTree = "<group>"; };
		2223A34119938FCA00E5AC48 /* NDTipContentViewController.m */ = {isa = PBXFileReference; fileEncoding = 4; lastKnownFileType = sourcecode.c.objc; name = NDTipContentViewController.m; path = ViewControllers/NDTipContentViewController.m; sourceTree = "<group>"; };
		2223A34219938FCA00E5AC48 /* NDTipsViewController.h */ = {isa = PBXFileReference; fileEncoding = 4; lastKnownFileType = sourcecode.c.h; name = NDTipsViewController.h; path = ViewControllers/NDTipsViewController.h; sourceTree = "<group>"; };
		2223A34319938FCA00E5AC48 /* NDTipsViewController.m */ = {isa = PBXFileReference; fileEncoding = 4; lastKnownFileType = sourcecode.c.objc; name = NDTipsViewController.m; path = ViewControllers/NDTipsViewController.m; sourceTree = "<group>"; };
		2223A3471993902D00E5AC48 /* NDLeaderboardParser.h */ = {isa = PBXFileReference; fileEncoding = 4; lastKnownFileType = sourcecode.c.h; name = NDLeaderboardParser.h; path = Parsers/NDLeaderboardParser.h; sourceTree = "<group>"; };
		2223A3481993902D00E5AC48 /* NDLeaderboardParser.m */ = {isa = PBXFileReference; fileEncoding = 4; lastKnownFileType = sourcecode.c.objc; name = NDLeaderboardParser.m; path = Parsers/NDLeaderboardParser.m; sourceTree = "<group>"; };
		2223A3491993902D00E5AC48 /* NDTipsParser.h */ = {isa = PBXFileReference; fileEncoding = 4; lastKnownFileType = sourcecode.c.h; name = NDTipsParser.h; path = Parsers/NDTipsParser.h; sourceTree = "<group>"; };
		2223A34A1993902D00E5AC48 /* NDTipsParser.m */ = {isa = PBXFileReference; fileEncoding = 4; lastKnownFileType = sourcecode.c.objc; name = NDTipsParser.m; path = Parsers/NDTipsParser.m; sourceTree = "<group>"; };
		2223A34B1993902D00E5AC48 /* NDTrendingPlacesParser.h */ = {isa = PBXFileReference; fileEncoding = 4; lastKnownFileType = sourcecode.c.h; name = NDTrendingPlacesParser.h; path = Parsers/NDTrendingPlacesParser.h; sourceTree = "<group>"; };
		2223A34C1993902D00E5AC48 /* NDTrendingPlacesParser.m */ = {isa = PBXFileReference; fileEncoding = 4; lastKnownFileType = sourcecode.c.objc; name = NDTrendingPlacesParser.m; path = Parsers/NDTrendingPlacesParser.m; sourceTree = "<group>"; };
		2223A34D1993902D00E5AC48 /* NDUserInformationParser.h */ = {isa = PBXFileReference; fileEncoding = 4; lastKnownFileType = sourcecode.c.h; name = NDUserInformationParser.h; path = Parsers/NDUserInformationParser.h; sourceTree = "<group>"; };
		2223A34E1993902D00E5AC48 /* NDUserInformationParser.m */ = {isa = PBXFileReference; fileEncoding = 4; lastKnownFileType = sourcecode.c.objc; name = NDUserInformationParser.m; path = Parsers/NDUserInformationParser.m; sourceTree = "<group>"; };
		2223A3531993906400E5AC48 /* NDURLRequestFactory.h */ = {isa = PBXFileReference; fileEncoding = 4; lastKnownFileType = sourcecode.c.h; name = NDURLRequestFactory.h; path = URLRequestFactory/NDURLRequestFactory.h; sourceTree = "<group>"; };
		2223A3541993906400E5AC48 /* NDURLRequestFactory.m */ = {isa = PBXFileReference; fileEncoding = 4; lastKnownFileType = sourcecode.c.objc; name = NDURLRequestFactory.m; path = URLRequestFactory/NDURLRequestFactory.m; sourceTree = "<group>"; };
		2223A3561993909700E5AC48 /* NDAPIService.h */ = {isa = PBXFileReference; fileEncoding = 4; lastKnownFileType = sourcecode.c.h; name = NDAPIService.h; path = Services/NDAPIService.h; sourceTree = "<group>"; };
		2223A3571993909700E5AC48 /* NDAPIService.m */ = {isa = PBXFileReference; fileEncoding = 4; lastKnownFileType = sourcecode.c.objc; name = NDAPIService.m; path = Services/NDAPIService.m; sourceTree = "<group>"; };
		2223A3581993909700E5AC48 /* NDAuthenticationService.h */ = {isa = PBXFileReference; fileEncoding = 4; lastKnownFileType = sourcecode.c.h; name = NDAuthenticationService.h; path = Services/NDAuthenticationService.h; sourceTree = "<group>"; };
		2223A3591993909700E5AC48 /* NDAuthenticationService.m */ = {isa = PBXFileReference; fileEncoding = 4; lastKnownFileType = sourcecode.c.objc; name = NDAuthenticationService.m; path = Services/NDAuthenticationService.m; sourceTree = "<group>"; };
		2223A35A1993909700E5AC48 /* NDLocationService.h */ = {isa = PBXFileReference; fileEncoding = 4; lastKnownFileType = sourcecode.c.h; name = NDLocationService.h; path = Services/NDLocationService.h; sourceTree = "<group>"; };
		2223A35B1993909700E5AC48 /* NDLocationService.m */ = {isa = PBXFileReference; fileEncoding = 4; lastKnownFileType = sourcecode.c.objc; name = NDLocationService.m; path = Services/NDLocationService.m; sourceTree = "<group>"; };
		2223A35C1993909700E5AC48 /* NDNetworkStatusService.h */ = {isa = PBXFileReference; fileEncoding = 4; lastKnownFileType = sourcecode.c.h; name = NDNetworkStatusService.h; path = Services/NDNetworkStatusService.h; sourceTree = "<group>"; };
		2223A35D1993909700E5AC48 /* NDNetworkStatusService.m */ = {isa = PBXFileReference; fileEncoding = 4; lastKnownFileType = sourcecode.c.objc; name = NDNetworkStatusService.m; path = Services/NDNetworkStatusService.m; sourceTree = "<group>"; };
		2224921B198BE01700EC59BE /* Reachability.h */ = {isa = PBXFileReference; fileEncoding = 4; lastKnownFileType = sourcecode.c.h; name = Reachability.h; path = Reachability/Reachability.h; sourceTree = "<group>"; };
		2224921C198BE01700EC59BE /* Reachability.m */ = {isa = PBXFileReference; fileEncoding = 4; lastKnownFileType = sourcecode.c.objc; name = Reachability.m; path = Reachability/Reachability.m; sourceTree = "<group>"; };
		22FA0DC0198A565E00392806 /* NDFoursquare.app */ = {isa = PBXFileReference; explicitFileType = wrapper.application; includeInIndex = 0; path = NDFoursquare.app; sourceTree = BUILT_PRODUCTS_DIR; };
		22FA0DC3198A565E00392806 /* Foundation.framework */ = {isa = PBXFileReference; lastKnownFileType = wrapper.framework; name = Foundation.framework; path = System/Library/Frameworks/Foundation.framework; sourceTree = SDKROOT; };
		22FA0DC5198A565E00392806 /* CoreGraphics.framework */ = {isa = PBXFileReference; lastKnownFileType = wrapper.framework; name = CoreGraphics.framework; path = System/Library/Frameworks/CoreGraphics.framework; sourceTree = SDKROOT; };
		22FA0DC7198A565E00392806 /* UIKit.framework */ = {isa = PBXFileReference; lastKnownFileType = wrapper.framework; name = UIKit.framework; path = System/Library/Frameworks/UIKit.framework; sourceTree = SDKROOT; };
		22FA0DCB198A565E00392806 /* NDFoursquare-Info.plist */ = {isa = PBXFileReference; lastKnownFileType = text.plist.xml; path = "NDFoursquare-Info.plist"; sourceTree = "<group>"; };
		22FA0DCD198A565E00392806 /* en */ = {isa = PBXFileReference; lastKnownFileType = text.plist.strings; name = en; path = en.lproj/InfoPlist.strings; sourceTree = "<group>"; };
		22FA0DCF198A565E00392806 /* main.m */ = {isa = PBXFileReference; lastKnownFileType = sourcecode.c.objc; path = main.m; sourceTree = "<group>"; };
		22FA0DD1198A565E00392806 /* NDFoursquare-Prefix.pch */ = {isa = PBXFileReference; lastKnownFileType = sourcecode.c.h; path = "NDFoursquare-Prefix.pch"; sourceTree = "<group>"; };
		22FA0DD2198A565E00392806 /* NDAppDelegate.h */ = {isa = PBXFileReference; lastKnownFileType = sourcecode.c.h; path = NDAppDelegate.h; sourceTree = "<group>"; };
		22FA0DD3198A565E00392806 /* NDAppDelegate.m */ = {isa = PBXFileReference; lastKnownFileType = sourcecode.c.objc; path = NDAppDelegate.m; sourceTree = "<group>"; };
		22FA0DD6198A565E00392806 /* Base */ = {isa = PBXFileReference; lastKnownFileType = file.storyboard; name = Base; path = Base.lproj/Main.storyboard; sourceTree = "<group>"; };
		22FA0DDB198A565E00392806 /* Images.xcassets */ = {isa = PBXFileReference; lastKnownFileType = folder.assetcatalog; path = Images.xcassets; sourceTree = "<group>"; };
		22FA0DE1198A565E00392806 /* NDFoursquareTests.xctest */ = {isa = PBXFileReference; explicitFileType = wrapper.cfbundle; includeInIndex = 0; path = NDFoursquareTests.xctest; sourceTree = BUILT_PRODUCTS_DIR; };
		22FA0DE2198A565E00392806 /* XCTest.framework */ = {isa = PBXFileReference; lastKnownFileType = wrapper.framework; name = XCTest.framework; path = Library/Frameworks/XCTest.framework; sourceTree = DEVELOPER_DIR; };
		22FA0DEA198A565E00392806 /* NDFoursquareTests-Info.plist */ = {isa = PBXFileReference; lastKnownFileType = text.plist.xml; path = "NDFoursquareTests-Info.plist"; sourceTree = "<group>"; };
		22FA0DEC198A565E00392806 /* en */ = {isa = PBXFileReference; lastKnownFileType = text.plist.strings; name = en; path = en.lproj/InfoPlist.strings; sourceTree = "<group>"; };
		22FA0DEE198A565E00392806 /* NDFoursquareTests.m */ = {isa = PBXFileReference; lastKnownFileType = sourcecode.c.objc; path = NDFoursquareTests.m; sourceTree = "<group>"; };
		22FA0E26198A7AC600392806 /* FSOAuth.h */ = {isa = PBXFileReference; fileEncoding = 4; lastKnownFileType = sourcecode.c.h; name = FSOAuth.h; path = FoursquareFiles/FSOAuth.h; sourceTree = "<group>"; };
		22FA0E27198A7AC600392806 /* FSOAuth.m */ = {isa = PBXFileReference; fileEncoding = 4; lastKnownFileType = sourcecode.c.objc; name = FSOAuth.m; path = FoursquareFiles/FSOAuth.m; sourceTree = "<group>"; };
/* End PBXFileReference section */

/* Begin PBXFrameworksBuildPhase section */
		22FA0DBD198A565E00392806 /* Frameworks */ = {
			isa = PBXFrameworksBuildPhase;
			buildActionMask = 2147483647;
			files = (
				2221FC14199264C100CAC58E /* CoreLocation.framework in Frameworks */,
				220D6BF5198F66FD00F5CB99 /* SystemConfiguration.framework in Frameworks */,
				22FA0DC6198A565E00392806 /* CoreGraphics.framework in Frameworks */,
				22FA0DC8198A565E00392806 /* UIKit.framework in Frameworks */,
				22FA0DC4198A565E00392806 /* Foundation.framework in Frameworks */,
			);
			runOnlyForDeploymentPostprocessing = 0;
		};
		22FA0DDE198A565E00392806 /* Frameworks */ = {
			isa = PBXFrameworksBuildPhase;
			buildActionMask = 2147483647;
			files = (
				22FA0DE3198A565E00392806 /* XCTest.framework in Frameworks */,
				22FA0DE5198A565E00392806 /* UIKit.framework in Frameworks */,
				22FA0DE4198A565E00392806 /* Foundation.framework in Frameworks */,
			);
			runOnlyForDeploymentPostprocessing = 0;
		};
/* End PBXFrameworksBuildPhase section */

/* Begin PBXGroup section */
		220F72761990E1BE00934A8E /* Parsers */ = {
			isa = PBXGroup;
			children = (
				2223A3471993902D00E5AC48 /* NDLeaderboardParser.h */,
				2223A3481993902D00E5AC48 /* NDLeaderboardParser.m */,
				2223A3491993902D00E5AC48 /* NDTipsParser.h */,
				2223A34A1993902D00E5AC48 /* NDTipsParser.m */,
				2223A34B1993902D00E5AC48 /* NDTrendingPlacesParser.h */,
				2223A34C1993902D00E5AC48 /* NDTrendingPlacesParser.m */,
				2223A34D1993902D00E5AC48 /* NDUserInformationParser.h */,
				2223A34E1993902D00E5AC48 /* NDUserInformationParser.m */,
			);
			name = Parsers;
			sourceTree = "<group>";
		};
		220F72771990E1F300934A8E /* ViewControllers */ = {
			isa = PBXGroup;
			children = (
				2223A33E19938FCA00E5AC48 /* NDLeaderboardViewController.h */,
				2223A33F19938FCA00E5AC48 /* NDLeaderboardViewController.m */,
				2223A34019938FCA00E5AC48 /* NDTipContentViewController.h */,
				2223A34119938FCA00E5AC48 /* NDTipContentViewController.m */,
				2223A34219938FCA00E5AC48 /* NDTipsViewController.h */,
				2223A34319938FCA00E5AC48 /* NDTipsViewController.m */,
			);
			name = ViewControllers;
			sourceTree = "<group>";
		};
		2221FC0F1992647200CAC58E /* Geocoder */ = {
			isa = PBXGroup;
			children = (
				2223A33B19938F3A00E5AC48 /* NDGeocoder.h */,
				2223A33C19938F3A00E5AC48 /* NDGeocoder.m */,
			);
			name = Geocoder;
			sourceTree = "<group>";
		};
		2223A3131993690500E5AC48 /* Models */ = {
			isa = PBXGroup;
			children = (
				2223A32F19938F0400E5AC48 /* NDLeaderboardEntry.h */,
				2223A33019938F0400E5AC48 /* NDLeaderboardEntry.m */,
				2223A33119938F0400E5AC48 /* NDTrendingPlace.h */,
				2223A33219938F0400E5AC48 /* NDTrendingPlace.m */,
				2223A33319938F0400E5AC48 /* NDUser.h */,
				2223A33419938F0400E5AC48 /* NDUser.m */,
				2223A33519938F0400E5AC48 /* NDVenueTips.h */,
				2223A33619938F0400E5AC48 /* NDVenueTips.m */,
			);
			name = Models;
			sourceTree = "<group>";
		};
		22249212198B83E600EC59BE /* Services */ = {
			isa = PBXGroup;
			children = (
				2223A3561993909700E5AC48 /* NDAPIService.h */,
				2223A3571993909700E5AC48 /* NDAPIService.m */,
				2223A3581993909700E5AC48 /* NDAuthenticationService.h */,
				2223A3591993909700E5AC48 /* NDAuthenticationService.m */,
				2223A35A1993909700E5AC48 /* NDLocationService.h */,
				2223A35B1993909700E5AC48 /* NDLocationService.m */,
				2223A35C1993909700E5AC48 /* NDNetworkStatusService.h */,
				2223A35D1993909700E5AC48 /* NDNetworkStatusService.m */,
			);
			name = Services;
			sourceTree = "<group>";
		};
		22249216198BABEC00EC59BE /* URLRequestFactory */ = {
			isa = PBXGroup;
			children = (
				2223A3531993906400E5AC48 /* NDURLRequestFactory.h */,
				2223A3541993906400E5AC48 /* NDURLRequestFactory.m */,
			);
			name = URLRequestFactory;
			sourceTree = "<group>";
		};
		2224921A198BDF6500EC59BE /* Reachability */ = {
			isa = PBXGroup;
			children = (
				2224921B198BE01700EC59BE /* Reachability.h */,
				2224921C198BE01700EC59BE /* Reachability.m */,
			);
			name = Reachability;
			sourceTree = "<group>";
		};
		22FA0DB7198A565E00392806 = {
			isa = PBXGroup;
			children = (
				22FA0DC9198A565E00392806 /* NDFoursquare */,
				22FA0DE8198A565E00392806 /* NDFoursquareTests */,
				22FA0DC2198A565E00392806 /* Frameworks */,
				22FA0DC1198A565E00392806 /* Products */,
			);
			sourceTree = "<group>";
		};
		22FA0DC1198A565E00392806 /* Products */ = {
			isa = PBXGroup;
			children = (
				22FA0DC0198A565E00392806 /* NDFoursquare.app */,
				22FA0DE1198A565E00392806 /* NDFoursquareTests.xctest */,
			);
			name = Products;
			sourceTree = "<group>";
		};
		22FA0DC2198A565E00392806 /* Frameworks */ = {
			isa = PBXGroup;
			children = (
				2221FC13199264C100CAC58E /* CoreLocation.framework */,
				220D6BF4198F66FD00F5CB99 /* SystemConfiguration.framework */,
				22FA0DC3198A565E00392806 /* Foundation.framework */,
				22FA0DC5198A565E00392806 /* CoreGraphics.framework */,
				22FA0DC7198A565E00392806 /* UIKit.framework */,
				22FA0DE2198A565E00392806 /* XCTest.framework */,
			);
			name = Frameworks;
			sourceTree = "<group>";
		};
		22FA0DC9198A565E00392806 /* NDFoursquare */ = {
			isa = PBXGroup;
			children = (
				2223A3131993690500E5AC48 /* Models */,
				2221FC0F1992647200CAC58E /* Geocoder */,
				220F72771990E1F300934A8E /* ViewControllers */,
				220F72761990E1BE00934A8E /* Parsers */,
				22FA0E25198A7AB200392806 /* FoursquareFiles */,
				2224921A198BDF6500EC59BE /* Reachability */,
				22249216198BABEC00EC59BE /* URLRequestFactory */,
				22249212198B83E600EC59BE /* Services */,
				22FA0DD2198A565E00392806 /* NDAppDelegate.h */,
				22FA0DD3198A565E00392806 /* NDAppDelegate.m */,
				22FA0DD5198A565E00392806 /* Main.storyboard */,
				22FA0DDB198A565E00392806 /* Images.xcassets */,
				22FA0DCA198A565E00392806 /* Supporting Files */,
			);
			path = NDFoursquare;
			sourceTree = "<group>";
		};
		22FA0DCA198A565E00392806 /* Supporting Files */ = {
			isa = PBXGroup;
			children = (
				22FA0DCB198A565E00392806 /* NDFoursquare-Info.plist */,
				22FA0DCC198A565E00392806 /* InfoPlist.strings */,
				22FA0DCF198A565E00392806 /* main.m */,
				22FA0DD1198A565E00392806 /* NDFoursquare-Prefix.pch */,
			);
			name = "Supporting Files";
			sourceTree = "<group>";
		};
		22FA0DE8198A565E00392806 /* NDFoursquareTests */ = {
			isa = PBXGroup;
			children = (
				22FA0DEE198A565E00392806 /* NDFoursquareTests.m */,
				22FA0DE9198A565E00392806 /* Supporting Files */,
			);
			path = NDFoursquareTests;
			sourceTree = "<group>";
		};
		22FA0DE9198A565E00392806 /* Supporting Files */ = {
			isa = PBXGroup;
			children = (
				22FA0DEA198A565E00392806 /* NDFoursquareTests-Info.plist */,
				22FA0DEB198A565E00392806 /* InfoPlist.strings */,
			);
			name = "Supporting Files";
			sourceTree = "<group>";
		};
		22FA0E25198A7AB200392806 /* FoursquareFiles */ = {
			isa = PBXGroup;
			children = (
				22FA0E26198A7AC600392806 /* FSOAuth.h */,
				22FA0E27198A7AC600392806 /* FSOAuth.m */,
			);
			name = FoursquareFiles;
			sourceTree = "<group>";
		};
/* End PBXGroup section */

/* Begin PBXNativeTarget section */
		22FA0DBF198A565E00392806 /* NDFoursquare */ = {
			isa = PBXNativeTarget;
			buildConfigurationList = 22FA0DF2198A565E00392806 /* Build configuration list for PBXNativeTarget "NDFoursquare" */;
			buildPhases = (
				22FA0DBC198A565E00392806 /* Sources */,
				22FA0DBD198A565E00392806 /* Frameworks */,
				22FA0DBE198A565E00392806 /* Resources */,
			);
			buildRules = (
			);
			dependencies = (
			);
			name = NDFoursquare;
			productName = NDFoursquare;
			productReference = 22FA0DC0198A565E00392806 /* NDFoursquare.app */;
			productType = "com.apple.product-type.application";
		};
		22FA0DE0198A565E00392806 /* NDFoursquareTests */ = {
			isa = PBXNativeTarget;
			buildConfigurationList = 22FA0DF5198A565E00392806 /* Build configuration list for PBXNativeTarget "NDFoursquareTests" */;
			buildPhases = (
				22FA0DDD198A565E00392806 /* Sources */,
				22FA0DDE198A565E00392806 /* Frameworks */,
				22FA0DDF198A565E00392806 /* Resources */,
			);
			buildRules = (
			);
			dependencies = (
				22FA0DE7198A565E00392806 /* PBXTargetDependency */,
			);
			name = NDFoursquareTests;
			productName = NDFoursquareTests;
			productReference = 22FA0DE1198A565E00392806 /* NDFoursquareTests.xctest */;
			productType = "com.apple.product-type.bundle.unit-test";
		};
/* End PBXNativeTarget section */

/* Begin PBXProject section */
		22FA0DB8198A565E00392806 /* Project object */ = {
			isa = PBXProject;
			attributes = {
				CLASSPREFIX = ND;
				LastUpgradeCheck = 0510;
				ORGANIZATIONNAME = NDani;
				TargetAttributes = {
					22FA0DE0198A565E00392806 = {
						TestTargetID = 22FA0DBF198A565E00392806;
					};
				};
			};
			buildConfigurationList = 22FA0DBB198A565E00392806 /* Build configuration list for PBXProject "NDFoursquare" */;
			compatibilityVersion = "Xcode 3.2";
			developmentRegion = English;
			hasScannedForEncodings = 0;
			knownRegions = (
				en,
				Base,
			);
			mainGroup = 22FA0DB7198A565E00392806;
			productRefGroup = 22FA0DC1198A565E00392806 /* Products */;
			projectDirPath = "";
			projectRoot = "";
			targets = (
				22FA0DBF198A565E00392806 /* NDFoursquare */,
				22FA0DE0198A565E00392806 /* NDFoursquareTests */,
			);
		};
/* End PBXProject section */

/* Begin PBXResourcesBuildPhase section */
		22FA0DBE198A565E00392806 /* Resources */ = {
			isa = PBXResourcesBuildPhase;
			buildActionMask = 2147483647;
			files = (
				22FA0DDC198A565E00392806 /* Images.xcassets in Resources */,
				22FA0DCE198A565E00392806 /* InfoPlist.strings in Resources */,
				22FA0DD7198A565E00392806 /* Main.storyboard in Resources */,
			);
			runOnlyForDeploymentPostprocessing = 0;
		};
		22FA0DDF198A565E00392806 /* Resources */ = {
			isa = PBXResourcesBuildPhase;
			buildActionMask = 2147483647;
			files = (
				22FA0DED198A565E00392806 /* InfoPlist.strings in Resources */,
			);
			runOnlyForDeploymentPostprocessing = 0;
		};
/* End PBXResourcesBuildPhase section */

/* Begin PBXSourcesBuildPhase section */
		22FA0DBC198A565E00392806 /* Sources */ = {
			isa = PBXSourcesBuildPhase;
			buildActionMask = 2147483647;
			files = (
				2223A3501993902D00E5AC48 /* NDTipsParser.m in Sources */,
				2223A3551993906400E5AC48 /* NDURLRequestFactory.m in Sources */,
				2223A33819938F0400E5AC48 /* NDTrendingPlace.m in Sources */,
				2223A3521993902D00E5AC48 /* NDUserInformationParser.m in Sources */,
				2223A35E1993909700E5AC48 /* NDAPIService.m in Sources */,
				2223A33919938F0400E5AC48 /* NDUser.m in Sources */,
				2223A3611993909700E5AC48 /* NDNetworkStatusService.m in Sources */,
				2223A3601993909700E5AC48 /* NDLocationService.m in Sources */,
				2223A34519938FCA00E5AC48 /* NDTipContentViewController.m in Sources */,
				2224921D198BE01700EC59BE /* Reachability.m in Sources */,
				2223A34F1993902D00E5AC48 /* NDLeaderboardParser.m in Sources */,
				22FA0DD4198A565E00392806 /* NDAppDelegate.m in Sources */,
				2223A33A19938F0400E5AC48 /* NDVenueTips.m in Sources */,
				2223A35F1993909700E5AC48 /* NDAuthenticationService.m in Sources */,
				2223A33D19938F3A00E5AC48 /* NDGeocoder.m in Sources */,
				2223A3511993902D00E5AC48 /* NDTrendingPlacesParser.m in Sources */,
				2223A34619938FCA00E5AC48 /* NDTipsViewController.m in Sources */,
				2223A34419938FCA00E5AC48 /* NDLeaderboardViewController.m in Sources */,
				22FA0E28198A7AC600392806 /* FSOAuth.m in Sources */,
				2223A33719938F0400E5AC48 /* NDLeaderboardEntry.m in Sources */,
				22FA0DD0198A565E00392806 /* main.m in Sources */,
			);
			runOnlyForDeploymentPostprocessing = 0;
		};
		22FA0DDD198A565E00392806 /* Sources */ = {
			isa = PBXSourcesBuildPhase;
			buildActionMask = 2147483647;
			files = (
				22FA0DEF198A565E00392806 /* NDFoursquareTests.m in Sources */,
			);
			runOnlyForDeploymentPostprocessing = 0;
		};
/* End PBXSourcesBuildPhase section */

/* Begin PBXTargetDependency section */
		22FA0DE7198A565E00392806 /* PBXTargetDependency */ = {
			isa = PBXTargetDependency;
			target = 22FA0DBF198A565E00392806 /* NDFoursquare */;
			targetProxy = 22FA0DE6198A565E00392806 /* PBXContainerItemProxy */;
		};
/* End PBXTargetDependency section */

/* Begin PBXVariantGroup section */
		22FA0DCC198A565E00392806 /* InfoPlist.strings */ = {
			isa = PBXVariantGroup;
			children = (
				22FA0DCD198A565E00392806 /* en */,
			);
			name = InfoPlist.strings;
			sourceTree = "<group>";
		};
		22FA0DD5198A565E00392806 /* Main.storyboard */ = {
			isa = PBXVariantGroup;
			children = (
				22FA0DD6198A565E00392806 /* Base */,
			);
			name = Main.storyboard;
			sourceTree = "<group>";
		};
		22FA0DEB198A565E00392806 /* InfoPlist.strings */ = {
			isa = PBXVariantGroup;
			children = (
				22FA0DEC198A565E00392806 /* en */,
			);
			name = InfoPlist.strings;
			sourceTree = "<group>";
		};
/* End PBXVariantGroup section */

/* Begin XCBuildConfiguration section */
		22FA0DF0198A565E00392806 /* Debug */ = {
			isa = XCBuildConfiguration;
			buildSettings = {
				ALWAYS_SEARCH_USER_PATHS = NO;
				CLANG_CXX_LANGUAGE_STANDARD = "gnu++0x";
				CLANG_CXX_LIBRARY = "libc++";
				CLANG_ENABLE_MODULES = YES;
				CLANG_ENABLE_OBJC_ARC = YES;
				CLANG_WARN_BOOL_CONVERSION = YES;
				CLANG_WARN_CONSTANT_CONVERSION = YES;
				CLANG_WARN_DIRECT_OBJC_ISA_USAGE = YES_ERROR;
				CLANG_WARN_EMPTY_BODY = YES;
				CLANG_WARN_ENUM_CONVERSION = YES;
				CLANG_WARN_INT_CONVERSION = YES;
				CLANG_WARN_OBJC_ROOT_CLASS = YES_ERROR;
				CLANG_WARN__DUPLICATE_METHOD_MATCH = YES;
				"CODE_SIGN_IDENTITY[sdk=iphoneos*]" = "iPhone Developer";
				COPY_PHASE_STRIP = NO;
				GCC_C_LANGUAGE_STANDARD = gnu99;
				GCC_DYNAMIC_NO_PIC = NO;
				GCC_OPTIMIZATION_LEVEL = 0;
				GCC_PREPROCESSOR_DEFINITIONS = (
					"DEBUG=1",
					"$(inherited)",
				);
				GCC_SYMBOLS_PRIVATE_EXTERN = NO;
				GCC_WARN_64_TO_32_BIT_CONVERSION = YES;
				GCC_WARN_ABOUT_RETURN_TYPE = YES_ERROR;
				GCC_WARN_UNDECLARED_SELECTOR = YES;
				GCC_WARN_UNINITIALIZED_AUTOS = YES_AGGRESSIVE;
				GCC_WARN_UNUSED_FUNCTION = YES;
				GCC_WARN_UNUSED_VARIABLE = YES;
				IPHONEOS_DEPLOYMENT_TARGET = 7.1;
				ONLY_ACTIVE_ARCH = YES;
				SDKROOT = iphoneos;
			};
			name = Debug;
		};
		22FA0DF1198A565E00392806 /* Release */ = {
			isa = XCBuildConfiguration;
			buildSettings = {
				ALWAYS_SEARCH_USER_PATHS = NO;
				CLANG_CXX_LANGUAGE_STANDARD = "gnu++0x";
				CLANG_CXX_LIBRARY = "libc++";
				CLANG_ENABLE_MODULES = YES;
				CLANG_ENABLE_OBJC_ARC = YES;
				CLANG_WARN_BOOL_CONVERSION = YES;
				CLANG_WARN_CONSTANT_CONVERSION = YES;
				CLANG_WARN_DIRECT_OBJC_ISA_USAGE = YES_ERROR;
				CLANG_WARN_EMPTY_BODY = YES;
				CLANG_WARN_ENUM_CONVERSION = YES;
				CLANG_WARN_INT_CONVERSION = YES;
				CLANG_WARN_OBJC_ROOT_CLASS = YES_ERROR;
				CLANG_WARN__DUPLICATE_METHOD_MATCH = YES;
				"CODE_SIGN_IDENTITY[sdk=iphoneos*]" = "iPhone Developer";
				COPY_PHASE_STRIP = YES;
				ENABLE_NS_ASSERTIONS = NO;
				GCC_C_LANGUAGE_STANDARD = gnu99;
				GCC_WARN_64_TO_32_BIT_CONVERSION = YES;
				GCC_WARN_ABOUT_RETURN_TYPE = YES_ERROR;
				GCC_WARN_UNDECLARED_SELECTOR = YES;
				GCC_WARN_UNINITIALIZED_AUTOS = YES_AGGRESSIVE;
				GCC_WARN_UNUSED_FUNCTION = YES;
				GCC_WARN_UNUSED_VARIABLE = YES;
				IPHONEOS_DEPLOYMENT_TARGET = 7.1;
				SDKROOT = iphoneos;
				VALIDATE_PRODUCT = YES;
			};
			name = Release;
		};
		22FA0DF3198A565E00392806 /* Debug */ = {
			isa = XCBuildConfiguration;
			buildSettings = {
				ASSETCATALOG_COMPILER_APPICON_NAME = AppIcon;
				ASSETCATALOG_COMPILER_LAUNCHIMAGE_NAME = LaunchImage;
				GCC_PRECOMPILE_PREFIX_HEADER = YES;
				GCC_PREFIX_HEADER = "NDFoursquare/NDFoursquare-Prefix.pch";
				INFOPLIST_FILE = "NDFoursquare/NDFoursquare-Info.plist";
				OTHER_LDFLAGS = "";
				PRODUCT_NAME = "$(TARGET_NAME)";
				WRAPPER_EXTENSION = app;
			};
			name = Debug;
		};
		22FA0DF4198A565E00392806 /* Release */ = {
			isa = XCBuildConfiguration;
			buildSettings = {
				ASSETCATALOG_COMPILER_APPICON_NAME = AppIcon;
				ASSETCATALOG_COMPILER_LAUNCHIMAGE_NAME = LaunchImage;
				GCC_PRECOMPILE_PREFIX_HEADER = YES;
				GCC_PREFIX_HEADER = "NDFoursquare/NDFoursquare-Prefix.pch";
				INFOPLIST_FILE = "NDFoursquare/NDFoursquare-Info.plist";
				OTHER_LDFLAGS = "";
				PRODUCT_NAME = "$(TARGET_NAME)";
				WRAPPER_EXTENSION = app;
			};
			name = Release;
		};
		22FA0DF6198A565E00392806 /* Debug */ = {
			isa = XCBuildConfiguration;
			buildSettings = {
				BUNDLE_LOADER = "$(BUILT_PRODUCTS_DIR)/NDFoursquare.app/NDFoursquare";
				FRAMEWORK_SEARCH_PATHS = (
					"$(SDKROOT)/Developer/Library/Frameworks",
					"$(inherited)",
					"$(DEVELOPER_FRAMEWORKS_DIR)",
				);
				GCC_PRECOMPILE_PREFIX_HEADER = YES;
				GCC_PREFIX_HEADER = "NDFoursquare/NDFoursquare-Prefix.pch";
				GCC_PREPROCESSOR_DEFINITIONS = (
					"DEBUG=1",
					"$(inherited)",
				);
				INFOPLIST_FILE = "NDFoursquareTests/NDFoursquareTests-Info.plist";
				PRODUCT_NAME = "$(TARGET_NAME)";
				TEST_HOST = "$(BUNDLE_LOADER)";
				WRAPPER_EXTENSION = xctest;
			};
			name = Debug;
		};
		22FA0DF7198A565E00392806 /* Release */ = {
			isa = XCBuildConfiguration;
			buildSettings = {
				BUNDLE_LOADER = "$(BUILT_PRODUCTS_DIR)/NDFoursquare.app/NDFoursquare";
				FRAMEWORK_SEARCH_PATHS = (
					"$(SDKROOT)/Developer/Library/Frameworks",
					"$(inherited)",
					"$(DEVELOPER_FRAMEWORKS_DIR)",
				);
				GCC_PRECOMPILE_PREFIX_HEADER = YES;
				GCC_PREFIX_HEADER = "NDFoursquare/NDFoursquare-Prefix.pch";
				INFOPLIST_FILE = "NDFoursquareTests/NDFoursquareTests-Info.plist";
				PRODUCT_NAME = "$(TARGET_NAME)";
				TEST_HOST = "$(BUNDLE_LOADER)";
				WRAPPER_EXTENSION = xctest;
			};
			name = Release;
		};
/* End XCBuildConfiguration section */

/* Begin XCConfigurationList section */
		22FA0DBB198A565E00392806 /* Build configuration list for PBXProject "NDFoursquare" */ = {
			isa = XCConfigurationList;
			buildConfigurations = (
				22FA0DF0198A565E00392806 /* Debug */,
				22FA0DF1198A565E00392806 /* Release */,
			);
			defaultConfigurationIsVisible = 0;
			defaultConfigurationName = Release;
		};
		22FA0DF2198A565E00392806 /* Build configuration list for PBXNativeTarget "NDFoursquare" */ = {
			isa = XCConfigurationList;
			buildConfigurations = (
				22FA0DF3198A565E00392806 /* Debug */,
				22FA0DF4198A565E00392806 /* Release */,
			);
			defaultConfigurationIsVisible = 0;
			defaultConfigurationName = Release;
		};
		22FA0DF5198A565E00392806 /* Build configuration list for PBXNativeTarget "NDFoursquareTests" */ = {
			isa = XCConfigurationList;
			buildConfigurations = (
				22FA0DF6198A565E00392806 /* Debug */,
				22FA0DF7198A565E00392806 /* Release */,
			);
			defaultConfigurationIsVisible = 0;
			defaultConfigurationName = Release;
		};
/* End XCConfigurationList section */
	};
	rootObject = 22FA0DB8198A565E00392806 /* Project object */;
}
